
Microsoft Visual Studio Solution File, Format Version 12.00
# Visual Studio Version 16
VisualStudioVersion = 16.0.30011.22
MinimumVisualStudioVersion = 10.0.40219.1
Project("{FAE04EC0-301F-11D3-BF4B-00C04F79EFBC}") = "CRUD", "CRUD.csproj", "{65FB1600-AE9B-48D5-8936-5504ED358454}"
EndProject
Global
	GlobalSection(SolutionConfigurationPlatforms) = preSolution
		Debug|Any CPU = Debug|Any CPU
		Release|Any CPU = Release|Any CPU
	EndGlobalSection
	GlobalSection(ProjectConfigurationPlatforms) = postSolution
		{65FB1600-AE9B-48D5-8936-5504ED358454}.Debug|Any CPU.ActiveCfg = Debug|Any CPU
		{65FB1600-AE9B-48D5-8936-5504ED358454}.Debug|Any CPU.Build.0 = Debug|Any CPU
		{65FB1600-AE9B-48D5-8936-5504ED358454}.Release|Any CPU.ActiveCfg = Release|Any CPU
		{65FB1600-AE9B-48D5-8936-5504ED358454}.Release|Any CPU.Build.0 = Release|Any CPU
	EndGlobalSection
	GlobalSection(SolutionProperties) = preSolution
		HideSolutionNode = FALSE
	EndGlobalSection
	GlobalSection(ExtensibilityGlobals) = postSolution
		SolutionGuid = {04792B69-492F-4E0C-890E-E180706489F3}
	EndGlobalSection
EndGlobal
